
Microsoft Visual Studio Solution File, Format Version 12.00
# Visual Studio 14
VisualStudioVersion = 14.0.25420.1
MinimumVisualStudioVersion = 10.0.40219.1
Project("{FAE04EC0-301F-11D3-BF4B-00C04F79EFBC}") = "Week1_OOP_Exercise1", "Week1_OOP_Exercise1\Week1_OOP_Exercise1.csproj", "{9FCDF6C0-3FCE-4A71-88C0-3DE15BAAD718}"
EndProject
Project("{FAE04EC0-301F-11D3-BF4B-00C04F79EFBC}") = "Week1_OOP_Exercise2", "Week1_OOP_Exercise2\Week1_OOP_Exercise2.csproj", "{C5FC3D1C-E1AF-459A-BF32-3E290C81BF3C}"
EndProject
Project("{FAE04EC0-301F-11D3-BF4B-00C04F79EFBC}") = "Week1_OOP_Exercise3", "Week1_OOP_Exercise3\Week1_OOP_Exercise3.csproj", "{284CAEC6-D2BA-4897-9D40-B5B89AAC2DAD}"
EndProject
Project("{FAE04EC0-301F-11D3-BF4B-00C04F79EFBC}") = "Week1_OOP_Exercise4", "Week1_OOP_Exercise4\Week1_OOP_Exercise4.csproj", "{236A574A-298D-47C7-B7A4-464078F4C0CA}"
EndProject
Project("{FAE04EC0-301F-11D3-BF4B-00C04F79EFBC}") = "Week1_OOP_Exercise5", "Week1_OOP_Exercise5\Week1_OOP_Exercise5.csproj", "{13F2C93C-C2DE-4906-9299-D1992903B2FC}"
EndProject
Project("{2150E333-8FDC-42A3-9474-1A3956D46DE8}") = "Solution Items", "Solution Items", "{FFDB2F3A-3EBC-4B16-85FA-F8EDF086F045}"
	ProjectSection(SolutionItems) = preProject
		.gitignore = .gitignore
	EndProjectSection
EndProject
Project("{FAE04EC0-301F-11D3-BF4B-00C04F79EFBC}") = "Week4_UnitTest_SimpleParserTests", "Week4_UnitTest_SimpleParserTests\Week4_UnitTest_SimpleParserTests.csproj", "{3AF26552-90B6-4646-AC38-90C39A857E8C}"
EndProject
Project("{FAE04EC0-301F-11D3-BF4B-00C04F79EFBC}") = "Week4_UnitTest_LogAnalyzer", "Week4_UnitTest_LogAnalyzer\Week4_UnitTest_LogAnalyzer.csproj", "{A446FB2F-D39D-4C01-9BCC-6EBBD11C30BE}"
EndProject
Project("{FAE04EC0-301F-11D3-BF4B-00C04F79EFBC}") = "Week4_UnitTest_LogAnalyzer.Tests", "Week4_UnitTest_LogAnalyzer.Tests\Week4_UnitTest_LogAnalyzer.Tests.csproj", "{C4FD3896-A847-4913-B43D-7C96738DEA96}"
EndProject
Project("{FAE04EC0-301F-11D3-BF4B-00C04F79EFBC}") = "Week4_UnitTest_MemCalculator", "Week4_UnitTest_MemCalculator\Week4_UnitTest_MemCalculator.csproj", "{251A917F-2E6D-45CD-91C6-AB95A1E8B6C6}"
EndProject
Project("{FAE04EC0-301F-11D3-BF4B-00C04F79EFBC}") = "Week4_UnitTest_MemCalculator.Tests", "Week4_UnitTest_MemCalculator.Tests\Week4_UnitTest_MemCalculator.Tests.csproj", "{E30C5B0B-F7B9-4ADE-BB33-169609077FEF}"
EndProject
Global
	GlobalSection(SolutionConfigurationPlatforms) = preSolution
		Debug|Any CPU = Debug|Any CPU
		Release|Any CPU = Release|Any CPU
	EndGlobalSection
	GlobalSection(ProjectConfigurationPlatforms) = postSolution
		{9FCDF6C0-3FCE-4A71-88C0-3DE15BAAD718}.Debug|Any CPU.ActiveCfg = Debug|Any CPU
		{9FCDF6C0-3FCE-4A71-88C0-3DE15BAAD718}.Debug|Any CPU.Build.0 = Debug|Any CPU
		{9FCDF6C0-3FCE-4A71-88C0-3DE15BAAD718}.Release|Any CPU.ActiveCfg = Release|Any CPU
		{9FCDF6C0-3FCE-4A71-88C0-3DE15BAAD718}.Release|Any CPU.Build.0 = Release|Any CPU
		{C5FC3D1C-E1AF-459A-BF32-3E290C81BF3C}.Debug|Any CPU.ActiveCfg = Debug|Any CPU
		{C5FC3D1C-E1AF-459A-BF32-3E290C81BF3C}.Debug|Any CPU.Build.0 = Debug|Any CPU
		{C5FC3D1C-E1AF-459A-BF32-3E290C81BF3C}.Release|Any CPU.ActiveCfg = Release|Any CPU
		{C5FC3D1C-E1AF-459A-BF32-3E290C81BF3C}.Release|Any CPU.Build.0 = Release|Any CPU
		{284CAEC6-D2BA-4897-9D40-B5B89AAC2DAD}.Debug|Any CPU.ActiveCfg = Debug|Any CPU
		{284CAEC6-D2BA-4897-9D40-B5B89AAC2DAD}.Debug|Any CPU.Build.0 = Debug|Any CPU
		{284CAEC6-D2BA-4897-9D40-B5B89AAC2DAD}.Release|Any CPU.ActiveCfg = Release|Any CPU
		{284CAEC6-D2BA-4897-9D40-B5B89AAC2DAD}.Release|Any CPU.Build.0 = Release|Any CPU
		{236A574A-298D-47C7-B7A4-464078F4C0CA}.Debug|Any CPU.ActiveCfg = Debug|Any CPU
		{236A574A-298D-47C7-B7A4-464078F4C0CA}.Debug|Any CPU.Build.0 = Debug|Any CPU
		{236A574A-298D-47C7-B7A4-464078F4C0CA}.Release|Any CPU.ActiveCfg = Release|Any CPU
		{236A574A-298D-47C7-B7A4-464078F4C0CA}.Release|Any CPU.Build.0 = Release|Any CPU
		{13F2C93C-C2DE-4906-9299-D1992903B2FC}.Debug|Any CPU.ActiveCfg = Debug|Any CPU
		{13F2C93C-C2DE-4906-9299-D1992903B2FC}.Debug|Any CPU.Build.0 = Debug|Any CPU
		{13F2C93C-C2DE-4906-9299-D1992903B2FC}.Release|Any CPU.ActiveCfg = Release|Any CPU
		{13F2C93C-C2DE-4906-9299-D1992903B2FC}.Release|Any CPU.Build.0 = Release|Any CPU
		{3AF26552-90B6-4646-AC38-90C39A857E8C}.Debug|Any CPU.ActiveCfg = Debug|Any CPU
		{3AF26552-90B6-4646-AC38-90C39A857E8C}.Debug|Any CPU.Build.0 = Debug|Any CPU
		{3AF26552-90B6-4646-AC38-90C39A857E8C}.Release|Any CPU.ActiveCfg = Release|Any CPU
		{3AF26552-90B6-4646-AC38-90C39A857E8C}.Release|Any CPU.Build.0 = Release|Any CPU
		{A446FB2F-D39D-4C01-9BCC-6EBBD11C30BE}.Debug|Any CPU.ActiveCfg = Debug|Any CPU
		{A446FB2F-D39D-4C01-9BCC-6EBBD11C30BE}.Debug|Any CPU.Build.0 = Debug|Any CPU
		{A446FB2F-D39D-4C01-9BCC-6EBBD11C30BE}.Release|Any CPU.ActiveCfg = Release|Any CPU
		{A446FB2F-D39D-4C01-9BCC-6EBBD11C30BE}.Release|Any CPU.Build.0 = Release|Any CPU
		{C4FD3896-A847-4913-B43D-7C96738DEA96}.Debug|Any CPU.ActiveCfg = Debug|Any CPU
		{C4FD3896-A847-4913-B43D-7C96738DEA96}.Debug|Any CPU.Build.0 = Debug|Any CPU
		{C4FD3896-A847-4913-B43D-7C96738DEA96}.Release|Any CPU.ActiveCfg = Release|Any CPU
		{C4FD3896-A847-4913-B43D-7C96738DEA96}.Release|Any CPU.Build.0 = Release|Any CPU
		{251A917F-2E6D-45CD-91C6-AB95A1E8B6C6}.Debug|Any CPU.ActiveCfg = Debug|Any CPU
		{251A917F-2E6D-45CD-91C6-AB95A1E8B6C6}.Debug|Any CPU.Build.0 = Debug|Any CPU
		{251A917F-2E6D-45CD-91C6-AB95A1E8B6C6}.Release|Any CPU.ActiveCfg = Release|Any CPU
		{251A917F-2E6D-45CD-91C6-AB95A1E8B6C6}.Release|Any CPU.Build.0 = Release|Any CPU
		{E30C5B0B-F7B9-4ADE-BB33-169609077FEF}.Debug|Any CPU.ActiveCfg = Debug|Any CPU
		{E30C5B0B-F7B9-4ADE-BB33-169609077FEF}.Debug|Any CPU.Build.0 = Debug|Any CPU
		{E30C5B0B-F7B9-4ADE-BB33-169609077FEF}.Release|Any CPU.ActiveCfg = Release|Any CPU
		{E30C5B0B-F7B9-4ADE-BB33-169609077FEF}.Release|Any CPU.Build.0 = Release|Any CPU
	EndGlobalSection
	GlobalSection(SolutionProperties) = preSolution
		HideSolutionNode = FALSE
	EndGlobalSection
EndGlobal
