
Microsoft Visual Studio Solution File, Format Version 12.00
# Visual Studio 14
VisualStudioVersion = 14.0.25420.1
MinimumVisualStudioVersion = 10.0.40219.1
Project("{FAE04EC0-301F-11D3-BF4B-00C04F79EFBC}") = "Week1_OOP_Exercise1", "Week1_OOP_Exercise1\Week1_OOP_Exercise1.csproj", "{9FCDF6C0-3FCE-4A71-88C0-3DE15BAAD718}"
EndProject
Project("{FAE04EC0-301F-11D3-BF4B-00C04F79EFBC}") = "Week1_OOP_Exercise2", "Week1_OOP_Exercise2\Week1_OOP_Exercise2.csproj", "{C5FC3D1C-E1AF-459A-BF32-3E290C81BF3C}"
EndProject
Project("{FAE04EC0-301F-11D3-BF4B-00C04F79EFBC}") = "Week 1 OOP Exercise 3", "Week 1 OOP Exercise 3\Week 1 OOP Exercise 3.csproj", "{284CAEC6-D2BA-4897-9D40-B5B89AAC2DAD}"
EndProject
Global
	GlobalSection(SolutionConfigurationPlatforms) = preSolution
		Debug|Any CPU = Debug|Any CPU
		Release|Any CPU = Release|Any CPU
	EndGlobalSection
	GlobalSection(ProjectConfigurationPlatforms) = postSolution
		{9FCDF6C0-3FCE-4A71-88C0-3DE15BAAD718}.Debug|Any CPU.ActiveCfg = Debug|Any CPU
		{9FCDF6C0-3FCE-4A71-88C0-3DE15BAAD718}.Debug|Any CPU.Build.0 = Debug|Any CPU
		{9FCDF6C0-3FCE-4A71-88C0-3DE15BAAD718}.Release|Any CPU.ActiveCfg = Release|Any CPU
		{9FCDF6C0-3FCE-4A71-88C0-3DE15BAAD718}.Release|Any CPU.Build.0 = Release|Any CPU
		{C5FC3D1C-E1AF-459A-BF32-3E290C81BF3C}.Debug|Any CPU.ActiveCfg = Debug|Any CPU
		{C5FC3D1C-E1AF-459A-BF32-3E290C81BF3C}.Debug|Any CPU.Build.0 = Debug|Any CPU
		{C5FC3D1C-E1AF-459A-BF32-3E290C81BF3C}.Release|Any CPU.ActiveCfg = Release|Any CPU
		{C5FC3D1C-E1AF-459A-BF32-3E290C81BF3C}.Release|Any CPU.Build.0 = Release|Any CPU
		{284CAEC6-D2BA-4897-9D40-B5B89AAC2DAD}.Debug|Any CPU.ActiveCfg = Debug|Any CPU
		{284CAEC6-D2BA-4897-9D40-B5B89AAC2DAD}.Debug|Any CPU.Build.0 = Debug|Any CPU
		{284CAEC6-D2BA-4897-9D40-B5B89AAC2DAD}.Release|Any CPU.ActiveCfg = Release|Any CPU
		{284CAEC6-D2BA-4897-9D40-B5B89AAC2DAD}.Release|Any CPU.Build.0 = Release|Any CPU
	EndGlobalSection
	GlobalSection(SolutionProperties) = preSolution
		HideSolutionNode = FALSE
	EndGlobalSection
EndGlobal
